
Microsoft Visual Studio Solution File, Format Version 12.00
# Visual Studio Version 16
VisualStudioVersion = 25.0.1703.2
MinimumVisualStudioVersion = 10.0.40219.1
Project("{FAE04EC0-301F-11D3-BF4B-00C04F79EFBC}") = "FirstProject", "FirstProject\FirstProject.csproj", "{0A024DDE-0779-43ED-8FD4-F3BD35A673CA}"
EndProject
Global
	GlobalSection(SolutionConfigurationPlatforms) = preSolution
		Debug|Any CPU = Debug|Any CPU
		Release|Any CPU = Release|Any CPU
	EndGlobalSection
	GlobalSection(ProjectConfigurationPlatforms) = postSolution
		{0A024DDE-0779-43ED-8FD4-F3BD35A673CA}.Debug|Any CPU.ActiveCfg = Debug|Any CPU
		{0A024DDE-0779-43ED-8FD4-F3BD35A673CA}.Debug|Any CPU.Build.0 = Debug|Any CPU
		{0A024DDE-0779-43ED-8FD4-F3BD35A673CA}.Release|Any CPU.ActiveCfg = Release|Any CPU
		{0A024DDE-0779-43ED-8FD4-F3BD35A673CA}.Release|Any CPU.Build.0 = Release|Any CPU
	EndGlobalSection
	GlobalSection(SolutionProperties) = preSolution
		HideSolutionNode = FALSE
	EndGlobalSection
	GlobalSection(ExtensibilityGlobals) = postSolution
		SolutionGuid = {9C486825-4CC8-49D7-8633-5AFE619E6FDA}
	EndGlobalSection
EndGlobal
