
Microsoft Visual Studio Solution File, Format Version 12.00
# Visual Studio Version 17
VisualStudioVersion = 17.3.32825.248
MinimumVisualStudioVersion = 10.0.40219.1
Project("{FAE04EC0-301F-11D3-BF4B-00C04F79EFBC}") = "UdpTest", "UdpTest\UdpTest.csproj", "{CC15CA76-89A8-416E-9C33-499E1DB8AAFC}"
EndProject
Global
	GlobalSection(SolutionConfigurationPlatforms) = preSolution
		Debug|Any CPU = Debug|Any CPU
		Release|Any CPU = Release|Any CPU
	EndGlobalSection
	GlobalSection(ProjectConfigurationPlatforms) = postSolution
		{CC15CA76-89A8-416E-9C33-499E1DB8AAFC}.Debug|Any CPU.ActiveCfg = Debug|Any CPU
		{CC15CA76-89A8-416E-9C33-499E1DB8AAFC}.Debug|Any CPU.Build.0 = Debug|Any CPU
		{CC15CA76-89A8-416E-9C33-499E1DB8AAFC}.Release|Any CPU.ActiveCfg = Release|Any CPU
		{CC15CA76-89A8-416E-9C33-499E1DB8AAFC}.Release|Any CPU.Build.0 = Release|Any CPU
	EndGlobalSection
	GlobalSection(SolutionProperties) = preSolution
		HideSolutionNode = FALSE
	EndGlobalSection
	GlobalSection(ExtensibilityGlobals) = postSolution
		SolutionGuid = {280BCAB5-C8A1-48DC-9756-56D3C9B5C983}
	EndGlobalSection
EndGlobal
